
Microsoft Visual Studio Solution File, Format Version 12.00
# Visual Studio Version 17
VisualStudioVersion = 17.3.32922.545
MinimumVisualStudioVersion = 10.0.40219.1
Project("{FAE04EC0-301F-11D3-BF4B-00C04F79EFBC}") = "qlsv_api", "qlsv_api\qlsv_api.csproj", "{AD5745FE-C980-437E-8768-C038775A3D85}"
EndProject
Global
	GlobalSection(SolutionConfigurationPlatforms) = preSolution
		Debug|Any CPU = Debug|Any CPU
		Release|Any CPU = Release|Any CPU
	EndGlobalSection
	GlobalSection(ProjectConfigurationPlatforms) = postSolution
		{AD5745FE-C980-437E-8768-C038775A3D85}.Debug|Any CPU.ActiveCfg = Debug|Any CPU
		{AD5745FE-C980-437E-8768-C038775A3D85}.Debug|Any CPU.Build.0 = Debug|Any CPU
		{AD5745FE-C980-437E-8768-C038775A3D85}.Release|Any CPU.ActiveCfg = Release|Any CPU
		{AD5745FE-C980-437E-8768-C038775A3D85}.Release|Any CPU.Build.0 = Release|Any CPU
	EndGlobalSection
	GlobalSection(SolutionProperties) = preSolution
		HideSolutionNode = FALSE
	EndGlobalSection
	GlobalSection(ExtensibilityGlobals) = postSolution
		SolutionGuid = {626F7528-727F-4B03-BB0F-7B8BA1573390}
	EndGlobalSection
EndGlobal
